<?xml version="1.0" encoding="utf-8"?>
<Project ToolsVersion="4.0" xmlns="http://schemas.microsoft.com/developer/msbuild/2003">
  <ItemGroup>
    <ClInclude Include="_\_\Video.hpp" />
    <ClInclude Include="_\_\Debug.hpp" />
    <ClInclude Include="_\_\Engine.hpp" />
    <ClInclude Include="_\_\Time.hpp" />
    <ClInclude Include="_\_\Input.hpp" />
    <ClInclude Include="_\_\Input\Keyboard.hpp">
      <Filter>Input</Filter>
    </ClInclude>
    <ClInclude Include="_\_\Input\Mouse.hpp">
      <Filter>Input</Filter>
    </ClInclude>
    <ClInclude Include="_\_\Input\Mouse\Button.hpp">
      <Filter>Input\Mouse</Filter>
    </ClInclude>
    <ClInclude Include="_\_\Input\Mouse\Wheel.hpp">
      <Filter>Input\Mouse</Filter>
    </ClInclude>
    <ClInclude Include="_\_\Input\Mouse\Cursor.hpp">
      <Filter>Input\Mouse</Filter>
    </ClInclude>
    <ClInclude Include="_\_\Input\Mouse\Cursor\X.hpp">
      <Filter>Input\Mouse\Cursor</Filter>
    </ClInclude>
    <ClInclude Include="_\_\Input\Mouse\Cursor\Y.hpp">
      <Filter>Input\Mouse\Cursor</Filter>
    </ClInclude>
    <ClInclude Include="_\_\Video\ShaderProgram.hpp">
      <Filter>Video</Filter>
    </ClInclude>
    <ClInclude Include="_\_\Video\Polygon.hpp">
      <Filter>Video</Filter>
    </ClInclude>
    <ClInclude Include="_\_\Video\VAO.hpp">
      <Filter>Video</Filter>
    </ClInclude>
    <ClInclude Include="_\_\Video\VAO\EBO.hpp">
      <Filter>Video\VAO</Filter>
    </ClInclude>
    <ClInclude Include="_\_\Video\VAO\VBO.hpp">
      <Filter>Video\VAO</Filter>
    </ClInclude>
    <ClInclude Include="_\_\Game.hpp" />
    <ClInclude Include="_\_\Game\Actor.hpp">
      <Filter>Game</Filter>
    </ClInclude>
    <ClInclude Include="_\_\Game\Component.hpp">
      <Filter>Game</Filter>
    </ClInclude>
    <ClInclude Include="_\_\Game\Component\Polygon.hpp">
      <Filter>Game\Component</Filter>
    </ClInclude>
    <ClInclude Include="_\_\Game\Actor\Side.hpp">
      <Filter>Game\Actor</Filter>
    </ClInclude>
    <ClInclude Include="_\_\Game\Actor\Separator.hpp">
      <Filter>Game\Actor</Filter>
    </ClInclude>
    <ClInclude Include="_\_\Game\Actor\Player.hpp">
      <Filter>Game\Actor</Filter>
    </ClInclude>
    <ClInclude Include="_\_\Game\Actor\Ball.hpp">
      <Filter>Game\Actor</Filter>
    </ClInclude>
  </ItemGroup>
  <ItemGroup>
    <ClCompile Include="_\_\Video.cpp" />
    <ClCompile Include="_\_\Debug.cpp" />
    <ClCompile Include="_\_\Engine.cpp" />
    <ClCompile Include="_\_\Time.cpp" />
    <ClCompile Include="_\_\Input.cpp" />
    <ClCompile Include="_\_\Input\Keyboard.cpp">
      <Filter>Input</Filter>
    </ClCompile>
    <ClCompile Include="_\_\Input\Mouse.cpp">
      <Filter>Input</Filter>
    </ClCompile>
    <ClCompile Include="_\_\Input\Mouse\Button.cpp">
      <Filter>Input\Mouse</Filter>
    </ClCompile>
    <ClCompile Include="_\_\Input\Mouse\Wheel.cpp">
      <Filter>Input\Mouse</Filter>
    </ClCompile>
    <ClCompile Include="_\_\Input\Mouse\Cursor.cpp">
      <Filter>Input\Mouse</Filter>
    </ClCompile>
    <ClCompile Include="_\_\Input\Mouse\Cursor\X.cpp">
      <Filter>Input\Mouse\Cursor</Filter>
    </ClCompile>
    <ClCompile Include="_\_\Input\Mouse\Cursor\Y.cpp">
      <Filter>Input\Mouse\Cursor</Filter>
    </ClCompile>
    <ClCompile Include="_\_\Video\ShaderProgram.cpp">
      <Filter>Video</Filter>
    </ClCompile>
    <ClCompile Include="_\_\Video\Polygon.cpp">
      <Filter>Video</Filter>
    </ClCompile>
    <ClCompile Include="_\_\Video\VAO.cpp">
      <Filter>Video</Filter>
    </ClCompile>
    <ClCompile Include="_\_\Video\VAO\EBO.cpp">
      <Filter>Video\VAO</Filter>
    </ClCompile>
    <ClCompile Include="_\_\Video\VAO\VBO.cpp">
      <Filter>Video\VAO</Filter>
    </ClCompile>
    <ClCompile Include="_\_\Game.cpp" />
    <ClCompile Include="_\_\Game\Actor.cpp">
      <Filter>Game</Filter>
    </ClCompile>
    <ClCompile Include="_\_\Game\Component.cpp">
      <Filter>Game</Filter>
    </ClCompile>
    <ClCompile Include="_\_\Game\Component\Polygon.cpp">
      <Filter>Game\Component</Filter>
    </ClCompile>
    <ClCompile Include="_\_\Game\Actor\Side.cpp">
      <Filter>Game\Actor</Filter>
    </ClCompile>
    <ClCompile Include="_\_\Game\Actor\Separator.cpp">
      <Filter>Game\Actor</Filter>
    </ClCompile>
    <ClCompile Include="_\_\Game\Actor\Player.cpp">
      <Filter>Game\Actor</Filter>
    </ClCompile>
    <ClCompile Include="_\_\Game\Actor\Ball.cpp">
      <Filter>Game\Actor</Filter>
    </ClCompile>
  </ItemGroup>
  <ItemGroup>
    <Filter Include="Input">
      <UniqueIdentifier>{d40eeabe-4468-4066-b488-96f87d76ee9c}</UniqueIdentifier>
    </Filter>
    <Filter Include="Input\Mouse">
      <UniqueIdentifier>{f79e27f5-f0e8-4c19-8ee6-b7b365b5f1aa}</UniqueIdentifier>
    </Filter>
    <Filter Include="Input\Mouse\Cursor">
      <UniqueIdentifier>{28bca7b0-4843-45b7-abd2-f5e6774a2cd9}</UniqueIdentifier>
    </Filter>
    <Filter Include="Video">
      <UniqueIdentifier>{a81215fc-8deb-41fe-a943-3dfa372d1c95}</UniqueIdentifier>
    </Filter>
    <Filter Include="Video\VAO">
      <UniqueIdentifier>{e59e1977-cf4d-46ac-b050-f46c378b6e31}</UniqueIdentifier>
    </Filter>
    <Filter Include="Game">
      <UniqueIdentifier>{9651837b-b903-4997-9b85-0a02724bde48}</UniqueIdentifier>
    </Filter>
    <Filter Include="Game\Actor">
      <UniqueIdentifier>{770233c2-3b63-4fa4-9c80-e5880c8c0862}</UniqueIdentifier>
    </Filter>
    <Filter Include="Game\Component">
      <UniqueIdentifier>{9df1a3d0-c203-4970-91be-82bd54499849}</UniqueIdentifier>
    </Filter>
  </ItemGroup>
</Project>